
Microsoft Visual Studio Solution File, Format Version 12.00
# Visual Studio Version 17
VisualStudioVersion = 17.6.33723.286
MinimumVisualStudioVersion = 10.0.40219.1
Project("{FAE04EC0-301F-11D3-BF4B-00C04F79EFBC}") = "FilmesAPI", "FilmesAPI.csproj", "{9C08DD84-146D-49A0-B700-0A2814D65042}"
EndProject
Global
	GlobalSection(SolutionConfigurationPlatforms) = preSolution
		Debug|Any CPU = Debug|Any CPU
		Release|Any CPU = Release|Any CPU
	EndGlobalSection
	GlobalSection(ProjectConfigurationPlatforms) = postSolution
		{9C08DD84-146D-49A0-B700-0A2814D65042}.Debug|Any CPU.ActiveCfg = Debug|Any CPU
		{9C08DD84-146D-49A0-B700-0A2814D65042}.Debug|Any CPU.Build.0 = Debug|Any CPU
		{9C08DD84-146D-49A0-B700-0A2814D65042}.Release|Any CPU.ActiveCfg = Release|Any CPU
		{9C08DD84-146D-49A0-B700-0A2814D65042}.Release|Any CPU.Build.0 = Release|Any CPU
	EndGlobalSection
	GlobalSection(SolutionProperties) = preSolution
		HideSolutionNode = FALSE
	EndGlobalSection
	GlobalSection(ExtensibilityGlobals) = postSolution
		SolutionGuid = {85A2D940-CF81-48CF-9D06-042C72EFBEA4}
	EndGlobalSection
EndGlobal
